// !$*UTF8*$!
{
	archiveVersion = 1;
	classes = {
	};
	objectVersion = 50;
	objects = {

/* Begin PBXBuildFile section */
		6315F08726F2BC9000E09EB5 /* CustomNavigationSwiftUIApp.swift in Sources */ = {isa = PBXBuildFile; fileRef = 6315F08626F2BC9000E09EB5 /* CustomNavigationSwiftUIApp.swift */; };
		6315F08B26F2BC9200E09EB5 /* Assets.xcassets in Resources */ = {isa = PBXBuildFile; fileRef = 6315F08A26F2BC9200E09EB5 /* Assets.xcassets */; };
		6315F08E26F2BC9200E09EB5 /* Preview Assets.xcassets in Resources */ = {isa = PBXBuildFile; fileRef = 6315F08D26F2BC9200E09EB5 /* Preview Assets.xcassets */; };
		6315F09626F2BD1A00E09EB5 /* CustomNavigationController.swift in Sources */ = {isa = PBXBuildFile; fileRef = 6315F09526F2BD1A00E09EB5 /* CustomNavigationController.swift */; };
		6315F09926F2C7A000E09EB5 /* FirstScreen.swift in Sources */ = {isa = PBXBuildFile; fileRef = 6315F09826F2C7A000E09EB5 /* FirstScreen.swift */; };
		6315F09C26F2CB4300E09EB5 /* AnyTransition.swift in Sources */ = {isa = PBXBuildFile; fileRef = 6315F09B26F2CB4300E09EB5 /* AnyTransition.swift */; };
		6315F09E26F2D5CE00E09EB5 /* AmsterdamHomeScreen.swift in Sources */ = {isa = PBXBuildFile; fileRef = 6315F09D26F2D5CE00E09EB5 /* AmsterdamHomeScreen.swift */; };
		6315F0A026F2D63F00E09EB5 /* TabRouter.swift in Sources */ = {isa = PBXBuildFile; fileRef = 6315F09F26F2D63F00E09EB5 /* TabRouter.swift */; };
		6315F0A226F2D6A500E09EB5 /* TabControllerView.swift in Sources */ = {isa = PBXBuildFile; fileRef = 6315F0A126F2D6A500E09EB5 /* TabControllerView.swift */; };
/* End PBXBuildFile section */

/* Begin PBXFileReference section */
		6315F08326F2BC9000E09EB5 /* CustomNavigationSwiftUI.app */ = {isa = PBXFileReference; explicitFileType = wrapper.application; includeInIndex = 0; path = CustomNavigationSwiftUI.app; sourceTree = BUILT_PRODUCTS_DIR; };
		6315F08626F2BC9000E09EB5 /* CustomNavigationSwiftUIApp.swift */ = {isa = PBXFileReference; lastKnownFileType = sourcecode.swift; path = CustomNavigationSwiftUIApp.swift; sourceTree = "<group>"; };
		6315F08A26F2BC9200E09EB5 /* Assets.xcassets */ = {isa = PBXFileReference; lastKnownFileType = folder.assetcatalog; path = Assets.xcassets; sourceTree = "<group>"; };
		6315F08D26F2BC9200E09EB5 /* Preview Assets.xcassets */ = {isa = PBXFileReference; lastKnownFileType = folder.assetcatalog; path = "Preview Assets.xcassets"; sourceTree = "<group>"; };
		6315F08F26F2BC9200E09EB5 /* Info.plist */ = {isa = PBXFileReference; lastKnownFileType = text.plist.xml; path = Info.plist; sourceTree = "<group>"; };
		6315F09526F2BD1A00E09EB5 /* CustomNavigationController.swift */ = {isa = PBXFileReference; lastKnownFileType = sourcecode.swift; path = CustomNavigationController.swift; sourceTree = "<group>"; };
		6315F09826F2C7A000E09EB5 /* FirstScreen.swift */ = {isa = PBXFileReference; lastKnownFileType = sourcecode.swift; path = FirstScreen.swift; sourceTree = "<group>"; };
		6315F09B26F2CB4300E09EB5 /* AnyTransition.swift */ = {isa = PBXFileReference; lastKnownFileType = sourcecode.swift; path = AnyTransition.swift; sourceTree = "<group>"; };
		6315F09D26F2D5CE00E09EB5 /* AmsterdamHomeScreen.swift */ = {isa = PBXFileReference; lastKnownFileType = sourcecode.swift; path = AmsterdamHomeScreen.swift; sourceTree = "<group>"; };
		6315F09F26F2D63F00E09EB5 /* TabRouter.swift */ = {isa = PBXFileReference; lastKnownFileType = sourcecode.swift; path = TabRouter.swift; sourceTree = "<group>"; };
		6315F0A126F2D6A500E09EB5 /* TabControllerView.swift */ = {isa = PBXFileReference; lastKnownFileType = sourcecode.swift; path = TabControllerView.swift; sourceTree = "<group>"; };
/* End PBXFileReference section */

/* Begin PBXFrameworksBuildPhase section */
		6315F08026F2BC9000E09EB5 /* Frameworks */ = {
			isa = PBXFrameworksBuildPhase;
			buildActionMask = 2147483647;
			files = (
			);
			runOnlyForDeploymentPostprocessing = 0;
		};
/* End PBXFrameworksBuildPhase section */

/* Begin PBXGroup section */
		6315F07A26F2BC9000E09EB5 = {
			isa = PBXGroup;
			children = (
				6315F08526F2BC9000E09EB5 /* CustomNavigationSwiftUI */,
				6315F08426F2BC9000E09EB5 /* Products */,
			);
			sourceTree = "<group>";
		};
		6315F08426F2BC9000E09EB5 /* Products */ = {
			isa = PBXGroup;
			children = (
				6315F08326F2BC9000E09EB5 /* CustomNavigationSwiftUI.app */,
			);
			name = Products;
			sourceTree = "<group>";
		};
		6315F08526F2BC9000E09EB5 /* CustomNavigationSwiftUI */ = {
			isa = PBXGroup;
			children = (
				6315F08626F2BC9000E09EB5 /* CustomNavigationSwiftUIApp.swift */,
				6315F09726F2BD2800E09EB5 /* NavController */,
				6315F09A26F2C7A900E09EB5 /* Screen */,
				6315F08A26F2BC9200E09EB5 /* Assets.xcassets */,
				6315F08F26F2BC9200E09EB5 /* Info.plist */,
				6315F08C26F2BC9200E09EB5 /* Preview Content */,
			);
			path = CustomNavigationSwiftUI;
			sourceTree = "<group>";
		};
		6315F08C26F2BC9200E09EB5 /* Preview Content */ = {
			isa = PBXGroup;
			children = (
				6315F08D26F2BC9200E09EB5 /* Preview Assets.xcassets */,
			);
			path = "Preview Content";
			sourceTree = "<group>";
		};
		6315F09726F2BD2800E09EB5 /* NavController */ = {
			isa = PBXGroup;
			children = (
				6315F0A326F2D9E600E09EB5 /* Tab */,
				6315F0A426F2D9F100E09EB5 /* Navigation */,
			);
			path = NavController;
			sourceTree = "<group>";
		};
		6315F09A26F2C7A900E09EB5 /* Screen */ = {
			isa = PBXGroup;
			children = (
				6315F09826F2C7A000E09EB5 /* FirstScreen.swift */,
				6315F09D26F2D5CE00E09EB5 /* AmsterdamHomeScreen.swift */,
			);
			path = Screen;
			sourceTree = "<group>";
		};
		6315F0A326F2D9E600E09EB5 /* Tab */ = {
			isa = PBXGroup;
			children = (
				6315F0A126F2D6A500E09EB5 /* TabControllerView.swift */,
				6315F09F26F2D63F00E09EB5 /* TabRouter.swift */,
			);
			path = Tab;
			sourceTree = "<group>";
		};
		6315F0A426F2D9F100E09EB5 /* Navigation */ = {
			isa = PBXGroup;
			children = (
				6315F09526F2BD1A00E09EB5 /* CustomNavigationController.swift */,
				6315F09B26F2CB4300E09EB5 /* AnyTransition.swift */,
			);
			path = Navigation;
			sourceTree = "<group>";
		};
/* End PBXGroup section */

/* Begin PBXNativeTarget section */
		6315F08226F2BC9000E09EB5 /* CustomNavigationSwiftUI */ = {
			isa = PBXNativeTarget;
			buildConfigurationList = 6315F09226F2BC9200E09EB5 /* Build configuration list for PBXNativeTarget "CustomNavigationSwiftUI" */;
			buildPhases = (
				6315F07F26F2BC9000E09EB5 /* Sources */,
				6315F08026F2BC9000E09EB5 /* Frameworks */,
				6315F08126F2BC9000E09EB5 /* Resources */,
			);
			buildRules = (
			);
			dependencies = (
			);
			name = CustomNavigationSwiftUI;
			productName = CustomNavigationSwiftUI;
			productReference = 6315F08326F2BC9000E09EB5 /* CustomNavigationSwiftUI.app */;
			productType = "com.apple.product-type.application";
		};
/* End PBXNativeTarget section */

/* Begin PBXProject section */
		6315F07B26F2BC9000E09EB5 /* Project object */ = {
			isa = PBXProject;
			attributes = {
				LastSwiftUpdateCheck = 1250;
				LastUpgradeCheck = 1250;
				TargetAttributes = {
					6315F08226F2BC9000E09EB5 = {
						CreatedOnToolsVersion = 12.5.1;
					};
				};
			};
			buildConfigurationList = 6315F07E26F2BC9000E09EB5 /* Build configuration list for PBXProject "CustomNavigationSwiftUI" */;
			compatibilityVersion = "Xcode 9.3";
			developmentRegion = en;
			hasScannedForEncodings = 0;
			knownRegions = (
				en,
				Base,
			);
			mainGroup = 6315F07A26F2BC9000E09EB5;
			productRefGroup = 6315F08426F2BC9000E09EB5 /* Products */;
			projectDirPath = "";
			projectRoot = "";
			targets = (
				6315F08226F2BC9000E09EB5 /* CustomNavigationSwiftUI */,
			);
		};
/* End PBXProject section */

/* Begin PBXResourcesBuildPhase section */
		6315F08126F2BC9000E09EB5 /* Resources */ = {
			isa = PBXResourcesBuildPhase;
			buildActionMask = 2147483647;
			files = (
				6315F08E26F2BC9200E09EB5 /* Preview Assets.xcassets in Resources */,
				6315F08B26F2BC9200E09EB5 /* Assets.xcassets in Resources */,
			);
			runOnlyForDeploymentPostprocessing = 0;
		};
/* End PBXResourcesBuildPhase section */

/* Begin PBXSourcesBuildPhase section */
		6315F07F26F2BC9000E09EB5 /* Sources */ = {
			isa = PBXSourcesBuildPhase;
			buildActionMask = 2147483647;
			files = (
				6315F09926F2C7A000E09EB5 /* FirstScreen.swift in Sources */,
				6315F09E26F2D5CE00E09EB5 /* AmsterdamHomeScreen.swift in Sources */,
				6315F0A226F2D6A500E09EB5 /* TabControllerView.swift in Sources */,
				6315F0A026F2D63F00E09EB5 /* TabRouter.swift in Sources */,
				6315F09C26F2CB4300E09EB5 /* AnyTransition.swift in Sources */,
				6315F09626F2BD1A00E09EB5 /* CustomNavigationController.swift in Sources */,
				6315F08726F2BC9000E09EB5 /* CustomNavigationSwiftUIApp.swift in Sources */,
			);
			runOnlyForDeploymentPostprocessing = 0;
		};
/* End PBXSourcesBuildPhase section */

/* Begin XCBuildConfiguration section */
		6315F09026F2BC9200E09EB5 /* Debug */ = {
			isa = XCBuildConfiguration;
			buildSettings = {
				ALWAYS_SEARCH_USER_PATHS = NO;
				CLANG_ANALYZER_NONNULL = YES;
				CLANG_ANALYZER_NUMBER_OBJECT_CONVERSION = YES_AGGRESSIVE;
				CLANG_CXX_LANGUAGE_STANDARD = "gnu++14";
				CLANG_CXX_LIBRARY = "libc++";
				CLANG_ENABLE_MODULES = YES;
				CLANG_ENABLE_OBJC_ARC = YES;
				CLANG_ENABLE_OBJC_WEAK = YES;
				CLANG_WARN_BLOCK_CAPTURE_AUTORELEASING = YES;
				CLANG_WARN_BOOL_CONVERSION = YES;
				CLANG_WARN_COMMA = YES;
				CLANG_WARN_CONSTANT_CONVERSION = YES;
				CLANG_WARN_DEPRECATED_OBJC_IMPLEMENTATIONS = YES;
				CLANG_WARN_DIRECT_OBJC_ISA_USAGE = YES_ERROR;
				CLANG_WARN_DOCUMENTATION_COMMENTS = YES;
				CLANG_WARN_EMPTY_BODY = YES;
				CLANG_WARN_ENUM_CONVERSION = YES;
				CLANG_WARN_INFINITE_RECURSION = YES;
				CLANG_WARN_INT_CONVERSION = YES;
				CLANG_WARN_NON_LITERAL_NULL_CONVERSION = YES;
				CLANG_WARN_OBJC_IMPLICIT_RETAIN_SELF = YES;
				CLANG_WARN_OBJC_LITERAL_CONVERSION = YES;
				CLANG_WARN_OBJC_ROOT_CLASS = YES_ERROR;
				CLANG_WARN_QUOTED_INCLUDE_IN_FRAMEWORK_HEADER = YES;
				CLANG_WARN_RANGE_LOOP_ANALYSIS = YES;
				CLANG_WARN_STRICT_PROTOTYPES = YES;
				CLANG_WARN_SUSPICIOUS_MOVE = YES;
				CLANG_WARN_UNGUARDED_AVAILABILITY = YES_AGGRESSIVE;
				CLANG_WARN_UNREACHABLE_CODE = YES;
				CLANG_WARN__DUPLICATE_METHOD_MATCH = YES;
				COPY_PHASE_STRIP = NO;
				DEBUG_INFORMATION_FORMAT = dwarf;
				ENABLE_STRICT_OBJC_MSGSEND = YES;
				ENABLE_TESTABILITY = YES;
				GCC_C_LANGUAGE_STANDARD = gnu11;
				GCC_DYNAMIC_NO_PIC = NO;
				GCC_NO_COMMON_BLOCKS = YES;
				GCC_OPTIMIZATION_LEVEL = 0;
				GCC_PREPROCESSOR_DEFINITIONS = (
					"DEBUG=1",
					"$(inherited)",
				);
				GCC_WARN_64_TO_32_BIT_CONVERSION = YES;
				GCC_WARN_ABOUT_RETURN_TYPE = YES_ERROR;
				GCC_WARN_UNDECLARED_SELECTOR = YES;
				GCC_WARN_UNINITIALIZED_AUTOS = YES_AGGRESSIVE;
				GCC_WARN_UNUSED_FUNCTION = YES;
				GCC_WARN_UNUSED_VARIABLE = YES;
				IPHONEOS_DEPLOYMENT_TARGET = 14.5;
				MTL_ENABLE_DEBUG_INFO = INCLUDE_SOURCE;
				MTL_FAST_MATH = YES;
				ONLY_ACTIVE_ARCH = YES;
				SDKROOT = iphoneos;
				SWIFT_ACTIVE_COMPILATION_CONDITIONS = DEBUG;
				SWIFT_OPTIMIZATION_LEVEL = "-Onone";
			};
			name = Debug;
		};
		6315F09126F2BC9200E09EB5 /* Release */ = {
			isa = XCBuildConfiguration;
			buildSettings = {
				ALWAYS_SEARCH_USER_PATHS = NO;
				CLANG_ANALYZER_NONNULL = YES;
				CLANG_ANALYZER_NUMBER_OBJECT_CONVERSION = YES_AGGRESSIVE;
				CLANG_CXX_LANGUAGE_STANDARD = "gnu++14";
				CLANG_CXX_LIBRARY = "libc++";
				CLANG_ENABLE_MODULES = YES;
				CLANG_ENABLE_OBJC_ARC = YES;
				CLANG_ENABLE_OBJC_WEAK = YES;
				CLANG_WARN_BLOCK_CAPTURE_AUTORELEASING = YES;
				CLANG_WARN_BOOL_CONVERSION = YES;
				CLANG_WARN_COMMA = YES;
				CLANG_WARN_CONSTANT_CONVERSION = YES;
				CLANG_WARN_DEPRECATED_OBJC_IMPLEMENTATIONS = YES;
				CLANG_WARN_DIRECT_OBJC_ISA_USAGE = YES_ERROR;
				CLANG_WARN_DOCUMENTATION_COMMENTS = YES;
				CLANG_WARN_EMPTY_BODY = YES;
				CLANG_WARN_ENUM_CONVERSION = YES;
				CLANG_WARN_INFINITE_RECURSION = YES;
				CLANG_WARN_INT_CONVERSION = YES;
				CLANG_WARN_NON_LITERAL_NULL_CONVERSION = YES;
				CLANG_WARN_OBJC_IMPLICIT_RETAIN_SELF = YES;
				CLANG_WARN_OBJC_LITERAL_CONVERSION = YES;
				CLANG_WARN_OBJC_ROOT_CLASS = YES_ERROR;
				CLANG_WARN_QUOTED_INCLUDE_IN_FRAMEWORK_HEADER = YES;
				CLANG_WARN_RANGE_LOOP_ANALYSIS = YES;
				CLANG_WARN_STRICT_PROTOTYPES = YES;
				CLANG_WARN_SUSPICIOUS_MOVE = YES;
				CLANG_WARN_UNGUARDED_AVAILABILITY = YES_AGGRESSIVE;
				CLANG_WARN_UNREACHABLE_CODE = YES;
				CLANG_WARN__DUPLICATE_METHOD_MATCH = YES;
				COPY_PHASE_STRIP = NO;
				DEBUG_INFORMATION_FORMAT = "dwarf-with-dsym";
				ENABLE_NS_ASSERTIONS = NO;
				ENABLE_STRICT_OBJC_MSGSEND = YES;
				GCC_C_LANGUAGE_STANDARD = gnu11;
				GCC_NO_COMMON_BLOCKS = YES;
				GCC_WARN_64_TO_32_BIT_CONVERSION = YES;
				GCC_WARN_ABOUT_RETURN_TYPE = YES_ERROR;
				GCC_WARN_UNDECLARED_SELECTOR = YES;
				GCC_WARN_UNINITIALIZED_AUTOS = YES_AGGRESSIVE;
				GCC_WARN_UNUSED_FUNCTION = YES;
				GCC_WARN_UNUSED_VARIABLE = YES;
				IPHONEOS_DEPLOYMENT_TARGET = 14.5;
				MTL_ENABLE_DEBUG_INFO = NO;
				MTL_FAST_MATH = YES;
				SDKROOT = iphoneos;
				SWIFT_COMPILATION_MODE = wholemodule;
				SWIFT_OPTIMIZATION_LEVEL = "-O";
				VALIDATE_PRODUCT = YES;
			};
			name = Release;
		};
		6315F09326F2BC9200E09EB5 /* Debug */ = {
			isa = XCBuildConfiguration;
			buildSettings = {
				ASSETCATALOG_COMPILER_APPICON_NAME = AppIcon;
				ASSETCATALOG_COMPILER_GLOBAL_ACCENT_COLOR_NAME = AccentColor;
				CODE_SIGN_STYLE = Automatic;
				DEVELOPMENT_ASSET_PATHS = "\"CustomNavigationSwiftUI/Preview Content\"";
				DEVELOPMENT_TEAM = D97HLWHSV2;
				ENABLE_PREVIEWS = YES;
				INFOPLIST_FILE = CustomNavigationSwiftUI/Info.plist;
				IPHONEOS_DEPLOYMENT_TARGET = 14.0;
				LD_RUNPATH_SEARCH_PATHS = (
					"$(inherited)",
					"@executable_path/Frameworks",
				);
				PRODUCT_BUNDLE_IDENTIFIER = popizdead.CustomNavigationSwiftUI;
				PRODUCT_NAME = "$(TARGET_NAME)";
				SWIFT_VERSION = 5.0;
				TARGETED_DEVICE_FAMILY = "1,2";
			};
			name = Debug;
		};
		6315F09426F2BC9200E09EB5 /* Release */ = {
			isa = XCBuildConfiguration;
			buildSettings = {
				ASSETCATALOG_COMPILER_APPICON_NAME = AppIcon;
				ASSETCATALOG_COMPILER_GLOBAL_ACCENT_COLOR_NAME = AccentColor;
				CODE_SIGN_STYLE = Automatic;
				DEVELOPMENT_ASSET_PATHS = "\"CustomNavigationSwiftUI/Preview Content\"";
				DEVELOPMENT_TEAM = D97HLWHSV2;
				ENABLE_PREVIEWS = YES;
				INFOPLIST_FILE = CustomNavigationSwiftUI/Info.plist;
				IPHONEOS_DEPLOYMENT_TARGET = 14.0;
				LD_RUNPATH_SEARCH_PATHS = (
					"$(inherited)",
					"@executable_path/Frameworks",
				);
				PRODUCT_BUNDLE_IDENTIFIER = popizdead.CustomNavigationSwiftUI;
				PRODUCT_NAME = "$(TARGET_NAME)";
				SWIFT_VERSION = 5.0;
				TARGETED_DEVICE_FAMILY = "1,2";
			};
			name = Release;
		};
/* End XCBuildConfiguration section */

/* Begin XCConfigurationList section */
		6315F07E26F2BC9000E09EB5 /* Build configuration list for PBXProject "CustomNavigationSwiftUI" */ = {
			isa = XCConfigurationList;
			buildConfigurations = (
				6315F09026F2BC9200E09EB5 /* Debug */,
				6315F09126F2BC9200E09EB5 /* Release */,
			);
			defaultConfigurationIsVisible = 0;
			defaultConfigurationName = Release;
		};
		6315F09226F2BC9200E09EB5 /* Build configuration list for PBXNativeTarget "CustomNavigationSwiftUI" */ = {
			isa = XCConfigurationList;
			buildConfigurations = (
				6315F09326F2BC9200E09EB5 /* Debug */,
				6315F09426F2BC9200E09EB5 /* Release */,
			);
			defaultConfigurationIsVisible = 0;
			defaultConfigurationName = Release;
		};
/* End XCConfigurationList section */
	};
	rootObject = 6315F07B26F2BC9000E09EB5 /* Project object */;
}
