// !$*UTF8*$!
{
	archiveVersion = 1;
	classes = {
	};
	objectVersion = 52;
	objects = {

/* Begin PBXBuildFile section */
		6315F08726F2BC9000E09EB5 /* CustomNavigationSwiftUIApp.swift in Sources */ = {isa = PBXBuildFile; fileRef = 6315F08626F2BC9000E09EB5 /* CustomNavigationSwiftUIApp.swift */; };
		6315F08B26F2BC9200E09EB5 /* Assets.xcassets in Resources */ = {isa = PBXBuildFile; fileRef = 6315F08A26F2BC9200E09EB5 /* Assets.xcassets */; };
		6315F08E26F2BC9200E09EB5 /* Preview Assets.xcassets in Resources */ = {isa = PBXBuildFile; fileRef = 6315F08D26F2BC9200E09EB5 /* Preview Assets.xcassets */; };
		6315F09626F2BD1A00E09EB5 /* CustomNavigationController.swift in Sources */ = {isa = PBXBuildFile; fileRef = 6315F09526F2BD1A00E09EB5 /* CustomNavigationController.swift */; };
		6315F09C26F2CB4300E09EB5 /* AnyTransition.swift in Sources */ = {isa = PBXBuildFile; fileRef = 6315F09B26F2CB4300E09EB5 /* AnyTransition.swift */; };
		632240A826F5CA85000A21EC /* Array+.swift in Sources */ = {isa = PBXBuildFile; fileRef = 632240A726F5CA85000A21EC /* Array+.swift */; };
		632240AB26F5D83E000A21EC /* TopItemsScreen.swift in Sources */ = {isa = PBXBuildFile; fileRef = 632240AA26F5D83E000A21EC /* TopItemsScreen.swift */; };
		632240AD26F5D89A000A21EC /* Networking+.swift in Sources */ = {isa = PBXBuildFile; fileRef = 632240AC26F5D89A000A21EC /* Networking+.swift */; };
		6336FC0826F5B78C00FE08E8 /* PlacesListScreen.swift in Sources */ = {isa = PBXBuildFile; fileRef = 6336FC0726F5B78C00FE08E8 /* PlacesListScreen.swift */; };
		633BCBAA26F5B8E200E89EBC /* Networking in Frameworks */ = {isa = PBXBuildFile; productRef = 633BCBA926F5B8E200E89EBC /* Networking */; };
		638ABFCE26F5C3FA0060E445 /* AuthorsScreen.swift in Sources */ = {isa = PBXBuildFile; fileRef = 638ABFCD26F5C3FA0060E445 /* AuthorsScreen.swift */; };
		63E6B8C526F6086F002F0D82 /* RootNavigationScreen.swift in Sources */ = {isa = PBXBuildFile; fileRef = 63E6B8C426F6086F002F0D82 /* RootNavigationScreen.swift */; };
		63E6B8C826F609E7002F0D82 /* ArtsListScreen.swift in Sources */ = {isa = PBXBuildFile; fileRef = 63E6B8C726F609E7002F0D82 /* ArtsListScreen.swift */; };
		63E6B8CD26F62225002F0D82 /* PlacesModel.swift in Sources */ = {isa = PBXBuildFile; fileRef = 63E6B8CC26F62225002F0D82 /* PlacesModel.swift */; };
		63E6B8D026F62432002F0D82 /* AuthorsViewModel.swift in Sources */ = {isa = PBXBuildFile; fileRef = 63E6B8CF26F62432002F0D82 /* AuthorsViewModel.swift */; };
		63E6B8D426F644E2002F0D82 /* TopItemModel.swift in Sources */ = {isa = PBXBuildFile; fileRef = 63E6B8D326F644E2002F0D82 /* TopItemModel.swift */; };
		63E6B8D926F649FC002F0D82 /* SDWebImage in Frameworks */ = {isa = PBXBuildFile; productRef = 63E6B8D826F649FC002F0D82 /* SDWebImage */; };
		63E6B8DC26F64A28002F0D82 /* SDWebImageSwiftUI in Frameworks */ = {isa = PBXBuildFile; productRef = 63E6B8DB26F64A28002F0D82 /* SDWebImageSwiftUI */; };
		63E6B8DE26F6575D002F0D82 /* DetailsScreen.swift in Sources */ = {isa = PBXBuildFile; fileRef = 63E6B8DD26F6575C002F0D82 /* DetailsScreen.swift */; };
		63E6B8E126F657E5002F0D82 /* DetailModel.swift in Sources */ = {isa = PBXBuildFile; fileRef = 63E6B8E026F657E5002F0D82 /* DetailModel.swift */; };
		63E6B8E326F66650002F0D82 /* Pods_CustomNavigationSwiftUI.framework in Frameworks */ = {isa = PBXBuildFile; fileRef = 63E6B8E226F66650002F0D82 /* Pods_CustomNavigationSwiftUI.framework */; };
/* End PBXBuildFile section */

/* Begin PBXFileReference section */
		6315F08326F2BC9000E09EB5 /* CustomNavigationSwiftUI.app */ = {isa = PBXFileReference; explicitFileType = wrapper.application; includeInIndex = 0; path = CustomNavigationSwiftUI.app; sourceTree = BUILT_PRODUCTS_DIR; };
		6315F08626F2BC9000E09EB5 /* CustomNavigationSwiftUIApp.swift */ = {isa = PBXFileReference; lastKnownFileType = sourcecode.swift; path = CustomNavigationSwiftUIApp.swift; sourceTree = "<group>"; };
		6315F08A26F2BC9200E09EB5 /* Assets.xcassets */ = {isa = PBXFileReference; lastKnownFileType = folder.assetcatalog; path = Assets.xcassets; sourceTree = "<group>"; };
		6315F08D26F2BC9200E09EB5 /* Preview Assets.xcassets */ = {isa = PBXFileReference; lastKnownFileType = folder.assetcatalog; path = "Preview Assets.xcassets"; sourceTree = "<group>"; };
		6315F08F26F2BC9200E09EB5 /* Info.plist */ = {isa = PBXFileReference; lastKnownFileType = text.plist.xml; path = Info.plist; sourceTree = "<group>"; };
		6315F09526F2BD1A00E09EB5 /* CustomNavigationController.swift */ = {isa = PBXFileReference; lastKnownFileType = sourcecode.swift; path = CustomNavigationController.swift; sourceTree = "<group>"; };
		6315F09B26F2CB4300E09EB5 /* AnyTransition.swift */ = {isa = PBXFileReference; lastKnownFileType = sourcecode.swift; path = AnyTransition.swift; sourceTree = "<group>"; };
		632240A726F5CA85000A21EC /* Array+.swift */ = {isa = PBXFileReference; lastKnownFileType = sourcecode.swift; path = "Array+.swift"; sourceTree = "<group>"; };
		632240AA26F5D83E000A21EC /* TopItemsScreen.swift */ = {isa = PBXFileReference; lastKnownFileType = sourcecode.swift; path = TopItemsScreen.swift; sourceTree = "<group>"; };
		632240AC26F5D89A000A21EC /* Networking+.swift */ = {isa = PBXFileReference; lastKnownFileType = sourcecode.swift; path = "Networking+.swift"; sourceTree = "<group>"; };
		6336FC0526F5B10500FE08E8 /* Networking */ = {isa = PBXFileReference; lastKnownFileType = folder; name = Networking; path = Modules/Networking; sourceTree = "<group>"; };
		6336FC0626F5B2CE00FE08E8 /* generate.sh */ = {isa = PBXFileReference; lastKnownFileType = text.script.sh; path = generate.sh; sourceTree = "<group>"; };
		6336FC0726F5B78C00FE08E8 /* PlacesListScreen.swift */ = {isa = PBXFileReference; lastKnownFileType = sourcecode.swift; path = PlacesListScreen.swift; sourceTree = "<group>"; };
		638ABFCD26F5C3FA0060E445 /* AuthorsScreen.swift */ = {isa = PBXFileReference; lastKnownFileType = sourcecode.swift; path = AuthorsScreen.swift; sourceTree = "<group>"; };
		63E6B8C426F6086F002F0D82 /* RootNavigationScreen.swift */ = {isa = PBXFileReference; lastKnownFileType = sourcecode.swift; path = RootNavigationScreen.swift; sourceTree = "<group>"; };
		63E6B8C726F609E7002F0D82 /* ArtsListScreen.swift */ = {isa = PBXFileReference; lastKnownFileType = sourcecode.swift; path = ArtsListScreen.swift; sourceTree = "<group>"; };
		63E6B8CC26F62225002F0D82 /* PlacesModel.swift */ = {isa = PBXFileReference; lastKnownFileType = sourcecode.swift; path = PlacesModel.swift; sourceTree = "<group>"; };
		63E6B8CF26F62432002F0D82 /* AuthorsViewModel.swift */ = {isa = PBXFileReference; lastKnownFileType = sourcecode.swift; path = AuthorsViewModel.swift; sourceTree = "<group>"; };
		63E6B8D326F644E2002F0D82 /* TopItemModel.swift */ = {isa = PBXFileReference; lastKnownFileType = sourcecode.swift; path = TopItemModel.swift; sourceTree = "<group>"; };
		63E6B8DD26F6575C002F0D82 /* DetailsScreen.swift */ = {isa = PBXFileReference; lastKnownFileType = sourcecode.swift; path = DetailsScreen.swift; sourceTree = "<group>"; };
		63E6B8E026F657E5002F0D82 /* DetailModel.swift */ = {isa = PBXFileReference; lastKnownFileType = sourcecode.swift; path = DetailModel.swift; sourceTree = "<group>"; };
		63E6B8E226F66650002F0D82 /* Pods_CustomNavigationSwiftUI.framework */ = {isa = PBXFileReference; lastKnownFileType = wrapper.framework; path = Pods_CustomNavigationSwiftUI.framework; sourceTree = "<group>"; };
		8ED1F1D2A5B7E4E26021D5BB /* Pods-CustomNavigationSwiftUI.release.xcconfig */ = {isa = PBXFileReference; includeInIndex = 1; lastKnownFileType = text.xcconfig; name = "Pods-CustomNavigationSwiftUI.release.xcconfig"; path = "Target Support Files/Pods-CustomNavigationSwiftUI/Pods-CustomNavigationSwiftUI.release.xcconfig"; sourceTree = "<group>"; };
		AB67E85D18EEB4AFBABCE2C7 /* Pods-CustomNavigationSwiftUI.debug.xcconfig */ = {isa = PBXFileReference; includeInIndex = 1; lastKnownFileType = text.xcconfig; name = "Pods-CustomNavigationSwiftUI.debug.xcconfig"; path = "Target Support Files/Pods-CustomNavigationSwiftUI/Pods-CustomNavigationSwiftUI.debug.xcconfig"; sourceTree = "<group>"; };
/* End PBXFileReference section */

/* Begin PBXFrameworksBuildPhase section */
		6315F08026F2BC9000E09EB5 /* Frameworks */ = {
			isa = PBXFrameworksBuildPhase;
			buildActionMask = 2147483647;
			files = (
				63E6B8DC26F64A28002F0D82 /* SDWebImageSwiftUI in Frameworks */,
				63E6B8E326F66650002F0D82 /* Pods_CustomNavigationSwiftUI.framework in Frameworks */,
				63E6B8D926F649FC002F0D82 /* SDWebImage in Frameworks */,
				633BCBAA26F5B8E200E89EBC /* Networking in Frameworks */,
			);
			runOnlyForDeploymentPostprocessing = 0;
		};
/* End PBXFrameworksBuildPhase section */

/* Begin PBXGroup section */
		2CBCC77B75AE9A486FE678F4 /* Pods */ = {
			isa = PBXGroup;
			children = (
				AB67E85D18EEB4AFBABCE2C7 /* Pods-CustomNavigationSwiftUI.debug.xcconfig */,
				8ED1F1D2A5B7E4E26021D5BB /* Pods-CustomNavigationSwiftUI.release.xcconfig */,
			);
			path = Pods;
			sourceTree = "<group>";
		};
		4D114AF2F270FA7C8DD3D2F8 /* Frameworks */ = {
			isa = PBXGroup;
			children = (
				63E6B8E226F66650002F0D82 /* Pods_CustomNavigationSwiftUI.framework */,
			);
			name = Frameworks;
			sourceTree = "<group>";
		};
		6315F07A26F2BC9000E09EB5 = {
			isa = PBXGroup;
			children = (
				6336FC0526F5B10500FE08E8 /* Networking */,
				6336FC0626F5B2CE00FE08E8 /* generate.sh */,
				6315F08526F2BC9000E09EB5 /* CustomNavigationSwiftUI */,
				6315F08426F2BC9000E09EB5 /* Products */,
				2CBCC77B75AE9A486FE678F4 /* Pods */,
				4D114AF2F270FA7C8DD3D2F8 /* Frameworks */,
			);
			sourceTree = "<group>";
		};
		6315F08426F2BC9000E09EB5 /* Products */ = {
			isa = PBXGroup;
			children = (
				6315F08326F2BC9000E09EB5 /* CustomNavigationSwiftUI.app */,
			);
			name = Products;
			sourceTree = "<group>";
		};
		6315F08526F2BC9000E09EB5 /* CustomNavigationSwiftUI */ = {
			isa = PBXGroup;
			children = (
				6315F08626F2BC9000E09EB5 /* CustomNavigationSwiftUIApp.swift */,
				6315F09726F2BD2800E09EB5 /* NavController */,
				6315F09A26F2C7A900E09EB5 /* Screen */,
				632240A926F5CB3C000A21EC /* Extensions */,
				6315F08A26F2BC9200E09EB5 /* Assets.xcassets */,
				6315F08F26F2BC9200E09EB5 /* Info.plist */,
				6315F08C26F2BC9200E09EB5 /* Preview Content */,
			);
			path = CustomNavigationSwiftUI;
			sourceTree = "<group>";
		};
		6315F08C26F2BC9200E09EB5 /* Preview Content */ = {
			isa = PBXGroup;
			children = (
				6315F08D26F2BC9200E09EB5 /* Preview Assets.xcassets */,
			);
			path = "Preview Content";
			sourceTree = "<group>";
		};
		6315F09726F2BD2800E09EB5 /* NavController */ = {
			isa = PBXGroup;
			children = (
				63E6B8C426F6086F002F0D82 /* RootNavigationScreen.swift */,
				6315F0A426F2D9F100E09EB5 /* Navigation */,
			);
			path = NavController;
			sourceTree = "<group>";
		};
		6315F09A26F2C7A900E09EB5 /* Screen */ = {
			isa = PBXGroup;
			children = (
				63E6B8C726F609E7002F0D82 /* ArtsListScreen.swift */,
				63E6B8DF26F65763002F0D82 /* Details */,
				63E6B8C626F609C9002F0D82 /* Categories */,
			);
			path = Screen;
			sourceTree = "<group>";
		};
		6315F0A426F2D9F100E09EB5 /* Navigation */ = {
			isa = PBXGroup;
			children = (
				6315F09526F2BD1A00E09EB5 /* CustomNavigationController.swift */,
				6315F09B26F2CB4300E09EB5 /* AnyTransition.swift */,
			);
			path = Navigation;
			sourceTree = "<group>";
		};
		632240A926F5CB3C000A21EC /* Extensions */ = {
			isa = PBXGroup;
			children = (
				632240A726F5CA85000A21EC /* Array+.swift */,
				632240AC26F5D89A000A21EC /* Networking+.swift */,
			);
			path = Extensions;
			sourceTree = "<group>";
		};
		63E6B8C626F609C9002F0D82 /* Categories */ = {
			isa = PBXGroup;
			children = (
				63E6B8CB26F62212002F0D82 /* Places */,
				63E6B8CE26F62422002F0D82 /* Authors */,
				63E6B8D226F644C6002F0D82 /* TopItems */,
			);
			path = Categories;
			sourceTree = "<group>";
		};
		63E6B8CB26F62212002F0D82 /* Places */ = {
			isa = PBXGroup;
			children = (
				63E6B8CC26F62225002F0D82 /* PlacesModel.swift */,
				6336FC0726F5B78C00FE08E8 /* PlacesListScreen.swift */,
			);
			path = Places;
			sourceTree = "<group>";
		};
		63E6B8CE26F62422002F0D82 /* Authors */ = {
			isa = PBXGroup;
			children = (
				63E6B8CF26F62432002F0D82 /* AuthorsViewModel.swift */,
				638ABFCD26F5C3FA0060E445 /* AuthorsScreen.swift */,
			);
			path = Authors;
			sourceTree = "<group>";
		};
		63E6B8D226F644C6002F0D82 /* TopItems */ = {
			isa = PBXGroup;
			children = (
				632240AA26F5D83E000A21EC /* TopItemsScreen.swift */,
				63E6B8D326F644E2002F0D82 /* TopItemModel.swift */,
			);
			path = TopItems;
			sourceTree = "<group>";
		};
		63E6B8DF26F65763002F0D82 /* Details */ = {
			isa = PBXGroup;
			children = (
				63E6B8DD26F6575C002F0D82 /* DetailsScreen.swift */,
				63E6B8E026F657E5002F0D82 /* DetailModel.swift */,
			);
			path = Details;
			sourceTree = "<group>";
		};
/* End PBXGroup section */

/* Begin PBXNativeTarget section */
		6315F08226F2BC9000E09EB5 /* CustomNavigationSwiftUI */ = {
			isa = PBXNativeTarget;
			buildConfigurationList = 6315F09226F2BC9200E09EB5 /* Build configuration list for PBXNativeTarget "CustomNavigationSwiftUI" */;
			buildPhases = (
				2F93C76B92623D04418C6AE5 /* [CP] Check Pods Manifest.lock */,
				6315F07F26F2BC9000E09EB5 /* Sources */,
				6315F08026F2BC9000E09EB5 /* Frameworks */,
				6315F08126F2BC9000E09EB5 /* Resources */,
			);
			buildRules = (
			);
			dependencies = (
			);
			name = CustomNavigationSwiftUI;
			packageProductDependencies = (
				633BCBA926F5B8E200E89EBC /* Networking */,
				63E6B8D826F649FC002F0D82 /* SDWebImage */,
				63E6B8DB26F64A28002F0D82 /* SDWebImageSwiftUI */,
			);
			productName = CustomNavigationSwiftUI;
			productReference = 6315F08326F2BC9000E09EB5 /* CustomNavigationSwiftUI.app */;
			productType = "com.apple.product-type.application";
		};
/* End PBXNativeTarget section */

/* Begin PBXProject section */
		6315F07B26F2BC9000E09EB5 /* Project object */ = {
			isa = PBXProject;
			attributes = {
				LastSwiftUpdateCheck = 1250;
				LastUpgradeCheck = 1250;
				TargetAttributes = {
					6315F08226F2BC9000E09EB5 = {
						CreatedOnToolsVersion = 12.5.1;
					};
				};
			};
			buildConfigurationList = 6315F07E26F2BC9000E09EB5 /* Build configuration list for PBXProject "CustomNavigationSwiftUI" */;
			compatibilityVersion = "Xcode 9.3";
			developmentRegion = en;
			hasScannedForEncodings = 0;
			knownRegions = (
				en,
				Base,
			);
			mainGroup = 6315F07A26F2BC9000E09EB5;
			packageReferences = (
				63E6B8D726F649FC002F0D82 /* XCRemoteSwiftPackageReference "SDWebImage" */,
				63E6B8DA26F64A28002F0D82 /* XCRemoteSwiftPackageReference "SDWebImageSwiftUI" */,
			);
			productRefGroup = 6315F08426F2BC9000E09EB5 /* Products */;
			projectDirPath = "";
			projectRoot = "";
			targets = (
				6315F08226F2BC9000E09EB5 /* CustomNavigationSwiftUI */,
			);
		};
/* End PBXProject section */

/* Begin PBXResourcesBuildPhase section */
		6315F08126F2BC9000E09EB5 /* Resources */ = {
			isa = PBXResourcesBuildPhase;
			buildActionMask = 2147483647;
			files = (
				6315F08E26F2BC9200E09EB5 /* Preview Assets.xcassets in Resources */,
				6315F08B26F2BC9200E09EB5 /* Assets.xcassets in Resources */,
			);
			runOnlyForDeploymentPostprocessing = 0;
		};
/* End PBXResourcesBuildPhase section */

/* Begin PBXShellScriptBuildPhase section */
		2F93C76B92623D04418C6AE5 /* [CP] Check Pods Manifest.lock */ = {
			isa = PBXShellScriptBuildPhase;
			buildActionMask = 2147483647;
			files = (
			);
			inputFileListPaths = (
			);
			inputPaths = (
				"${PODS_PODFILE_DIR_PATH}/Podfile.lock",
				"${PODS_ROOT}/Manifest.lock",
			);
			name = "[CP] Check Pods Manifest.lock";
			outputFileListPaths = (
			);
			outputPaths = (
				"$(DERIVED_FILE_DIR)/Pods-CustomNavigationSwiftUI-checkManifestLockResult.txt",
			);
			runOnlyForDeploymentPostprocessing = 0;
			shellPath = /bin/sh;
			shellScript = "diff \"${PODS_PODFILE_DIR_PATH}/Podfile.lock\" \"${PODS_ROOT}/Manifest.lock\" > /dev/null\nif [ $? != 0 ] ; then\n    # print error to STDERR\n    echo \"error: The sandbox is not in sync with the Podfile.lock. Run 'pod install' or update your CocoaPods installation.\" >&2\n    exit 1\nfi\n# This output is used by Xcode 'outputs' to avoid re-running this script phase.\necho \"SUCCESS\" > \"${SCRIPT_OUTPUT_FILE_0}\"\n";
			showEnvVarsInLog = 0;
		};
/* End PBXShellScriptBuildPhase section */

/* Begin PBXSourcesBuildPhase section */
		6315F07F26F2BC9000E09EB5 /* Sources */ = {
			isa = PBXSourcesBuildPhase;
			buildActionMask = 2147483647;
			files = (
				63E6B8CD26F62225002F0D82 /* PlacesModel.swift in Sources */,
				6336FC0826F5B78C00FE08E8 /* PlacesListScreen.swift in Sources */,
				63E6B8D426F644E2002F0D82 /* TopItemModel.swift in Sources */,
				63E6B8D026F62432002F0D82 /* AuthorsViewModel.swift in Sources */,
				638ABFCE26F5C3FA0060E445 /* AuthorsScreen.swift in Sources */,
				63E6B8C526F6086F002F0D82 /* RootNavigationScreen.swift in Sources */,
				63E6B8E126F657E5002F0D82 /* DetailModel.swift in Sources */,
				63E6B8DE26F6575D002F0D82 /* DetailsScreen.swift in Sources */,
				6315F09C26F2CB4300E09EB5 /* AnyTransition.swift in Sources */,
				632240AD26F5D89A000A21EC /* Networking+.swift in Sources */,
				6315F09626F2BD1A00E09EB5 /* CustomNavigationController.swift in Sources */,
				6315F08726F2BC9000E09EB5 /* CustomNavigationSwiftUIApp.swift in Sources */,
				63E6B8C826F609E7002F0D82 /* ArtsListScreen.swift in Sources */,
				632240AB26F5D83E000A21EC /* TopItemsScreen.swift in Sources */,
				632240A826F5CA85000A21EC /* Array+.swift in Sources */,
			);
			runOnlyForDeploymentPostprocessing = 0;
		};
/* End PBXSourcesBuildPhase section */

/* Begin XCBuildConfiguration section */
		6315F09026F2BC9200E09EB5 /* Debug */ = {
			isa = XCBuildConfiguration;
			buildSettings = {
				ALWAYS_SEARCH_USER_PATHS = NO;
				CLANG_ANALYZER_NONNULL = YES;
				CLANG_ANALYZER_NUMBER_OBJECT_CONVERSION = YES_AGGRESSIVE;
				CLANG_CXX_LANGUAGE_STANDARD = "gnu++14";
				CLANG_CXX_LIBRARY = "libc++";
				CLANG_ENABLE_MODULES = YES;
				CLANG_ENABLE_OBJC_ARC = YES;
				CLANG_ENABLE_OBJC_WEAK = YES;
				CLANG_WARN_BLOCK_CAPTURE_AUTORELEASING = YES;
				CLANG_WARN_BOOL_CONVERSION = YES;
				CLANG_WARN_COMMA = YES;
				CLANG_WARN_CONSTANT_CONVERSION = YES;
				CLANG_WARN_DEPRECATED_OBJC_IMPLEMENTATIONS = YES;
				CLANG_WARN_DIRECT_OBJC_ISA_USAGE = YES_ERROR;
				CLANG_WARN_DOCUMENTATION_COMMENTS = YES;
				CLANG_WARN_EMPTY_BODY = YES;
				CLANG_WARN_ENUM_CONVERSION = YES;
				CLANG_WARN_INFINITE_RECURSION = YES;
				CLANG_WARN_INT_CONVERSION = YES;
				CLANG_WARN_NON_LITERAL_NULL_CONVERSION = YES;
				CLANG_WARN_OBJC_IMPLICIT_RETAIN_SELF = YES;
				CLANG_WARN_OBJC_LITERAL_CONVERSION = YES;
				CLANG_WARN_OBJC_ROOT_CLASS = YES_ERROR;
				CLANG_WARN_QUOTED_INCLUDE_IN_FRAMEWORK_HEADER = YES;
				CLANG_WARN_RANGE_LOOP_ANALYSIS = YES;
				CLANG_WARN_STRICT_PROTOTYPES = YES;
				CLANG_WARN_SUSPICIOUS_MOVE = YES;
				CLANG_WARN_UNGUARDED_AVAILABILITY = YES_AGGRESSIVE;
				CLANG_WARN_UNREACHABLE_CODE = YES;
				CLANG_WARN__DUPLICATE_METHOD_MATCH = YES;
				COPY_PHASE_STRIP = NO;
				DEBUG_INFORMATION_FORMAT = dwarf;
				ENABLE_STRICT_OBJC_MSGSEND = YES;
				ENABLE_TESTABILITY = YES;
				GCC_C_LANGUAGE_STANDARD = gnu11;
				GCC_DYNAMIC_NO_PIC = NO;
				GCC_NO_COMMON_BLOCKS = YES;
				GCC_OPTIMIZATION_LEVEL = 0;
				GCC_PREPROCESSOR_DEFINITIONS = (
					"DEBUG=1",
					"$(inherited)",
				);
				GCC_WARN_64_TO_32_BIT_CONVERSION = YES;
				GCC_WARN_ABOUT_RETURN_TYPE = YES_ERROR;
				GCC_WARN_UNDECLARED_SELECTOR = YES;
				GCC_WARN_UNINITIALIZED_AUTOS = YES_AGGRESSIVE;
				GCC_WARN_UNUSED_FUNCTION = YES;
				GCC_WARN_UNUSED_VARIABLE = YES;
				IPHONEOS_DEPLOYMENT_TARGET = 14.5;
				MTL_ENABLE_DEBUG_INFO = INCLUDE_SOURCE;
				MTL_FAST_MATH = YES;
				ONLY_ACTIVE_ARCH = YES;
				SDKROOT = iphoneos;
				SWIFT_ACTIVE_COMPILATION_CONDITIONS = DEBUG;
				SWIFT_OPTIMIZATION_LEVEL = "-Onone";
			};
			name = Debug;
		};
		6315F09126F2BC9200E09EB5 /* Release */ = {
			isa = XCBuildConfiguration;
			buildSettings = {
				ALWAYS_SEARCH_USER_PATHS = NO;
				CLANG_ANALYZER_NONNULL = YES;
				CLANG_ANALYZER_NUMBER_OBJECT_CONVERSION = YES_AGGRESSIVE;
				CLANG_CXX_LANGUAGE_STANDARD = "gnu++14";
				CLANG_CXX_LIBRARY = "libc++";
				CLANG_ENABLE_MODULES = YES;
				CLANG_ENABLE_OBJC_ARC = YES;
				CLANG_ENABLE_OBJC_WEAK = YES;
				CLANG_WARN_BLOCK_CAPTURE_AUTORELEASING = YES;
				CLANG_WARN_BOOL_CONVERSION = YES;
				CLANG_WARN_COMMA = YES;
				CLANG_WARN_CONSTANT_CONVERSION = YES;
				CLANG_WARN_DEPRECATED_OBJC_IMPLEMENTATIONS = YES;
				CLANG_WARN_DIRECT_OBJC_ISA_USAGE = YES_ERROR;
				CLANG_WARN_DOCUMENTATION_COMMENTS = YES;
				CLANG_WARN_EMPTY_BODY = YES;
				CLANG_WARN_ENUM_CONVERSION = YES;
				CLANG_WARN_INFINITE_RECURSION = YES;
				CLANG_WARN_INT_CONVERSION = YES;
				CLANG_WARN_NON_LITERAL_NULL_CONVERSION = YES;
				CLANG_WARN_OBJC_IMPLICIT_RETAIN_SELF = YES;
				CLANG_WARN_OBJC_LITERAL_CONVERSION = YES;
				CLANG_WARN_OBJC_ROOT_CLASS = YES_ERROR;
				CLANG_WARN_QUOTED_INCLUDE_IN_FRAMEWORK_HEADER = YES;
				CLANG_WARN_RANGE_LOOP_ANALYSIS = YES;
				CLANG_WARN_STRICT_PROTOTYPES = YES;
				CLANG_WARN_SUSPICIOUS_MOVE = YES;
				CLANG_WARN_UNGUARDED_AVAILABILITY = YES_AGGRESSIVE;
				CLANG_WARN_UNREACHABLE_CODE = YES;
				CLANG_WARN__DUPLICATE_METHOD_MATCH = YES;
				COPY_PHASE_STRIP = NO;
				DEBUG_INFORMATION_FORMAT = "dwarf-with-dsym";
				ENABLE_NS_ASSERTIONS = NO;
				ENABLE_STRICT_OBJC_MSGSEND = YES;
				GCC_C_LANGUAGE_STANDARD = gnu11;
				GCC_NO_COMMON_BLOCKS = YES;
				GCC_WARN_64_TO_32_BIT_CONVERSION = YES;
				GCC_WARN_ABOUT_RETURN_TYPE = YES_ERROR;
				GCC_WARN_UNDECLARED_SELECTOR = YES;
				GCC_WARN_UNINITIALIZED_AUTOS = YES_AGGRESSIVE;
				GCC_WARN_UNUSED_FUNCTION = YES;
				GCC_WARN_UNUSED_VARIABLE = YES;
				IPHONEOS_DEPLOYMENT_TARGET = 14.5;
				MTL_ENABLE_DEBUG_INFO = NO;
				MTL_FAST_MATH = YES;
				SDKROOT = iphoneos;
				SWIFT_COMPILATION_MODE = wholemodule;
				SWIFT_OPTIMIZATION_LEVEL = "-O";
				VALIDATE_PRODUCT = YES;
			};
			name = Release;
		};
		6315F09326F2BC9200E09EB5 /* Debug */ = {
			isa = XCBuildConfiguration;
			baseConfigurationReference = AB67E85D18EEB4AFBABCE2C7 /* Pods-CustomNavigationSwiftUI.debug.xcconfig */;
			buildSettings = {
				ASSETCATALOG_COMPILER_APPICON_NAME = AppIcon;
				ASSETCATALOG_COMPILER_GLOBAL_ACCENT_COLOR_NAME = AccentColor;
				CODE_SIGN_STYLE = Automatic;
				DEVELOPMENT_ASSET_PATHS = "\"CustomNavigationSwiftUI/Preview Content\"";
				DEVELOPMENT_TEAM = D97HLWHSV2;
				ENABLE_PREVIEWS = YES;
				FRAMEWORK_SEARCH_PATHS = (
					"$(inherited)",
					"$(PROJECT_DIR)",
				);
				INFOPLIST_FILE = CustomNavigationSwiftUI/Info.plist;
				IPHONEOS_DEPLOYMENT_TARGET = 14.0;
				LD_RUNPATH_SEARCH_PATHS = (
					"$(inherited)",
					"@executable_path/Frameworks",
				);
				PRODUCT_BUNDLE_IDENTIFIER = popizdead.CustomNavigationSwiftUI;
				PRODUCT_NAME = "$(TARGET_NAME)";
				SWIFT_VERSION = 5.0;
				TARGETED_DEVICE_FAMILY = "1,2";
			};
			name = Debug;
		};
		6315F09426F2BC9200E09EB5 /* Release */ = {
			isa = XCBuildConfiguration;
			baseConfigurationReference = 8ED1F1D2A5B7E4E26021D5BB /* Pods-CustomNavigationSwiftUI.release.xcconfig */;
			buildSettings = {
				ASSETCATALOG_COMPILER_APPICON_NAME = AppIcon;
				ASSETCATALOG_COMPILER_GLOBAL_ACCENT_COLOR_NAME = AccentColor;
				CODE_SIGN_STYLE = Automatic;
				DEVELOPMENT_ASSET_PATHS = "\"CustomNavigationSwiftUI/Preview Content\"";
				DEVELOPMENT_TEAM = D97HLWHSV2;
				ENABLE_PREVIEWS = YES;
				FRAMEWORK_SEARCH_PATHS = (
					"$(inherited)",
					"$(PROJECT_DIR)",
				);
				INFOPLIST_FILE = CustomNavigationSwiftUI/Info.plist;
				IPHONEOS_DEPLOYMENT_TARGET = 14.0;
				LD_RUNPATH_SEARCH_PATHS = (
					"$(inherited)",
					"@executable_path/Frameworks",
				);
				PRODUCT_BUNDLE_IDENTIFIER = popizdead.CustomNavigationSwiftUI;
				PRODUCT_NAME = "$(TARGET_NAME)";
				SWIFT_VERSION = 5.0;
				TARGETED_DEVICE_FAMILY = "1,2";
			};
			name = Release;
		};
/* End XCBuildConfiguration section */

/* Begin XCConfigurationList section */
		6315F07E26F2BC9000E09EB5 /* Build configuration list for PBXProject "CustomNavigationSwiftUI" */ = {
			isa = XCConfigurationList;
			buildConfigurations = (
				6315F09026F2BC9200E09EB5 /* Debug */,
				6315F09126F2BC9200E09EB5 /* Release */,
			);
			defaultConfigurationIsVisible = 0;
			defaultConfigurationName = Release;
		};
		6315F09226F2BC9200E09EB5 /* Build configuration list for PBXNativeTarget "CustomNavigationSwiftUI" */ = {
			isa = XCConfigurationList;
			buildConfigurations = (
				6315F09326F2BC9200E09EB5 /* Debug */,
				6315F09426F2BC9200E09EB5 /* Release */,
			);
			defaultConfigurationIsVisible = 0;
			defaultConfigurationName = Release;
		};
/* End XCConfigurationList section */

/* Begin XCRemoteSwiftPackageReference section */
		63E6B8D726F649FC002F0D82 /* XCRemoteSwiftPackageReference "SDWebImage" */ = {
			isa = XCRemoteSwiftPackageReference;
			repositoryURL = "https://github.com/SDWebImage/SDWebImage";
			requirement = {
				kind = upToNextMajorVersion;
				minimumVersion = 5.11.1;
			};
		};
		63E6B8DA26F64A28002F0D82 /* XCRemoteSwiftPackageReference "SDWebImageSwiftUI" */ = {
			isa = XCRemoteSwiftPackageReference;
			repositoryURL = "https://github.com/SDWebImage/SDWebImageSwiftUI";
			requirement = {
				kind = upToNextMajorVersion;
				minimumVersion = 2.0.2;
			};
		};
/* End XCRemoteSwiftPackageReference section */

/* Begin XCSwiftPackageProductDependency section */
		633BCBA926F5B8E200E89EBC /* Networking */ = {
			isa = XCSwiftPackageProductDependency;
			productName = Networking;
		};
		63E6B8D826F649FC002F0D82 /* SDWebImage */ = {
			isa = XCSwiftPackageProductDependency;
			package = 63E6B8D726F649FC002F0D82 /* XCRemoteSwiftPackageReference "SDWebImage" */;
			productName = SDWebImage;
		};
		63E6B8DB26F64A28002F0D82 /* SDWebImageSwiftUI */ = {
			isa = XCSwiftPackageProductDependency;
			package = 63E6B8DA26F64A28002F0D82 /* XCRemoteSwiftPackageReference "SDWebImageSwiftUI" */;
			productName = SDWebImageSwiftUI;
		};
/* End XCSwiftPackageProductDependency section */
	};
	rootObject = 6315F07B26F2BC9000E09EB5 /* Project object */;
}
